PODS:
  - SnapKit (5.6.0)
  - Toast-Swift (5.0.1)

DEPENDENCIES:
  - SnapKit
  - Toast-Swift

SPEC REPOS:
  trunk:
    - SnapKit
    - Toast-Swift

SPEC CHECKSUMS:
  SnapKit: e01d52ebb8ddbc333eefe2132acf85c8227d9c25
  Toast-Swift: 9b6a70f28b3bf0b96c40d46c0c4b9d6639846711

PODFILE CHECKSUM: b030f3dbaa9d91c19fd2db60cec1f6f2f425d61f

COCOAPODS: 1.12.1
